// !$*UTF8*$!
{
	archiveVersion = 1;
	classes = {
	};
	objectVersion = 48;
	objects = {

/* Begin PBXBuildFile section */
		205000011F92DA06007DDF8F /* Movie&User.swift in Sources */ = {isa = PBXBuildFile; fileRef = 205000001F92DA06007DDF8F /* Movie&User.swift */; };
		205000041F92DAA8007DDF8F /* Network.swift in Sources */ = {isa = PBXBuildFile; fileRef = 205000031F92DAA8007DDF8F /* Network.swift */; };
		205000061F92DAD0007DDF8F /* Support+Extension.swift in Sources */ = {isa = PBXBuildFile; fileRef = 205000051F92DAD0007DDF8F /* Support+Extension.swift */; };
		2050FFEE1F92D9AD007DDF8F /* AppDelegate.swift in Sources */ = {isa = PBXBuildFile; fileRef = 2050FFED1F92D9AD007DDF8F /* AppDelegate.swift */; };
		2050FFF01F92D9AD007DDF8F /* ViewController.swift in Sources */ = {isa = PBXBuildFile; fileRef = 2050FFEF1F92D9AD007DDF8F /* ViewController.swift */; };
		2050FFF31F92D9AD007DDF8F /* Main.storyboard in Resources */ = {isa = PBXBuildFile; fileRef = 2050FFF11F92D9AD007DDF8F /* Main.storyboard */; };
		2050FFF51F92D9AD007DDF8F /* Assets.xcassets in Resources */ = {isa = PBXBuildFile; fileRef = 2050FFF41F92D9AD007DDF8F /* Assets.xcassets */; };
		2050FFF81F92D9AD007DDF8F /* LaunchScreen.storyboard in Resources */ = {isa = PBXBuildFile; fileRef = 2050FFF61F92D9AD007DDF8F /* LaunchScreen.storyboard */; };
/* End PBXBuildFile section */

/* Begin PBXFileReference section */
		205000001F92DA06007DDF8F /* Movie&User.swift */ = {isa = PBXFileReference; lastKnownFileType = sourcecode.swift; path = "Movie&User.swift"; sourceTree = "<group>"; };
		205000031F92DAA8007DDF8F /* Network.swift */ = {isa = PBXFileReference; lastKnownFileType = sourcecode.swift; path = Network.swift; sourceTree = "<group>"; };
		205000051F92DAD0007DDF8F /* Support+Extension.swift */ = {isa = PBXFileReference; lastKnownFileType = sourcecode.swift; path = "Support+Extension.swift"; sourceTree = "<group>"; };
		2050FFEA1F92D9AD007DDF8F /* Movie-preview.app */ = {isa = PBXFileReference; explicitFileType = wrapper.application; includeInIndex = 0; path = "Movie-preview.app"; sourceTree = BUILT_PRODUCTS_DIR; };
		2050FFED1F92D9AD007DDF8F /* AppDelegate.swift */ = {isa = PBXFileReference; lastKnownFileType = sourcecode.swift; path = AppDelegate.swift; sourceTree = "<group>"; };
		2050FFEF1F92D9AD007DDF8F /* ViewController.swift */ = {isa = PBXFileReference; lastKnownFileType = sourcecode.swift; path = ViewController.swift; sourceTree = "<group>"; };
		2050FFF21F92D9AD007DDF8F /* Base */ = {isa = PBXFileReference; lastKnownFileType = file.storyboard; name = Base; path = Base.lproj/Main.storyboard; sourceTree = "<group>"; };
		2050FFF41F92D9AD007DDF8F /* Assets.xcassets */ = {isa = PBXFileReference; lastKnownFileType = folder.assetcatalog; path = Assets.xcassets; sourceTree = "<group>"; };
		2050FFF71F92D9AD007DDF8F /* Base */ = {isa = PBXFileReference; lastKnownFileType = file.storyboard; name = Base; path = Base.lproj/LaunchScreen.storyboard; sourceTree = "<group>"; };
		2050FFF91F92D9AD007DDF8F /* Info.plist */ = {isa = PBXFileReference; lastKnownFileType = text.plist.xml; path = Info.plist; sourceTree = "<group>"; };
/* End PBXFileReference section */

/* Begin PBXFrameworksBuildPhase section */
		2050FFE71F92D9AD007DDF8F /* Frameworks */ = {
			isa = PBXFrameworksBuildPhase;
			buildActionMask = 2147483647;
			files = (
			);
			runOnlyForDeploymentPostprocessing = 0;
		};
/* End PBXFrameworksBuildPhase section */

/* Begin PBXGroup section */
		205000021F92DA8C007DDF8F /* Services */ = {
			isa = PBXGroup;
			children = (
				205000031F92DAA8007DDF8F /* Network.swift */,
				205000051F92DAD0007DDF8F /* Support+Extension.swift */,
			);
			path = Services;
			sourceTree = "<group>";
		};
		2050FFE11F92D9AD007DDF8F = {
			isa = PBXGroup;
			children = (
				2050FFEC1F92D9AD007DDF8F /* Movie-preview */,
				2050FFEB1F92D9AD007DDF8F /* Products */,
			);
			sourceTree = "<group>";
		};
		2050FFEB1F92D9AD007DDF8F /* Products */ = {
			isa = PBXGroup;
			children = (
				2050FFEA1F92D9AD007DDF8F /* Movie-preview.app */,
			);
			name = Products;
			sourceTree = "<group>";
		};
		2050FFEC1F92D9AD007DDF8F /* Movie-preview */ = {
			isa = PBXGroup;
			children = (
				205000021F92DA8C007DDF8F /* Services */,
				2050FFFF1F92D9C9007DDF8F /* Model */,
				2050FFED1F92D9AD007DDF8F /* AppDelegate.swift */,
				2050FFEF1F92D9AD007DDF8F /* ViewController.swift */,
				2050FFF11F92D9AD007DDF8F /* Main.storyboard */,
				2050FFF41F92D9AD007DDF8F /* Assets.xcassets */,
				2050FFF61F92D9AD007DDF8F /* LaunchScreen.storyboard */,
				2050FFF91F92D9AD007DDF8F /* Info.plist */,
			);
			path = "Movie-preview";
			sourceTree = "<group>";
		};
		2050FFFF1F92D9C9007DDF8F /* Model */ = {
			isa = PBXGroup;
			children = (
				205000001F92DA06007DDF8F /* Movie&User.swift */,
			);
			path = Model;
			sourceTree = "<group>";
		};
/* End PBXGroup section */

/* Begin PBXNativeTarget section */
		2050FFE91F92D9AD007DDF8F /* Movie-preview */ = {
			isa = PBXNativeTarget;
			buildConfigurationList = 2050FFFC1F92D9AD007DDF8F /* Build configuration list for PBXNativeTarget "Movie-preview" */;
			buildPhases = (
				2050FFE61F92D9AD007DDF8F /* Sources */,
				2050FFE71F92D9AD007DDF8F /* Frameworks */,
				2050FFE81F92D9AD007DDF8F /* Resources */,
			);
			buildRules = (
			);
			dependencies = (
			);
			name = "Movie-preview";
			productName = "Movie-preview";
			productReference = 2050FFEA1F92D9AD007DDF8F /* Movie-preview.app */;
			productType = "com.apple.product-type.application";
		};
/* End PBXNativeTarget section */

/* Begin PBXProject section */
		2050FFE21F92D9AD007DDF8F /* Project object */ = {
			isa = PBXProject;
			attributes = {
				LastSwiftUpdateCheck = 0900;
				LastUpgradeCheck = 0900;
				ORGANIZATIONNAME = Yveslym;
				TargetAttributes = {
					2050FFE91F92D9AD007DDF8F = {
						CreatedOnToolsVersion = 9.0;
						ProvisioningStyle = Automatic;
					};
				};
			};
			buildConfigurationList = 2050FFE51F92D9AD007DDF8F /* Build configuration list for PBXProject "Movie-preview" */;
			compatibilityVersion = "Xcode 8.0";
			developmentRegion = en;
			hasScannedForEncodings = 0;
			knownRegions = (
				en,
				Base,
			);
			mainGroup = 2050FFE11F92D9AD007DDF8F;
			productRefGroup = 2050FFEB1F92D9AD007DDF8F /* Products */;
			projectDirPath = "";
			projectRoot = "";
			targets = (
				2050FFE91F92D9AD007DDF8F /* Movie-preview */,
			);
		};
/* End PBXProject section */

/* Begin PBXResourcesBuildPhase section */
		2050FFE81F92D9AD007DDF8F /* Resources */ = {
			isa = PBXResourcesBuildPhase;
			buildActionMask = 2147483647;
			files = (
				2050FFF81F92D9AD007DDF8F /* LaunchScreen.storyboard in Resources */,
				2050FFF51F92D9AD007DDF8F /* Assets.xcassets in Resources */,
				2050FFF31F92D9AD007DDF8F /* Main.storyboard in Resources */,
			);
			runOnlyForDeploymentPostprocessing = 0;
		};
/* End PBXResourcesBuildPhase section */

/* Begin PBXSourcesBuildPhase section */
		2050FFE61F92D9AD007DDF8F /* Sources */ = {
			isa = PBXSourcesBuildPhase;
			buildActionMask = 2147483647;
			files = (
				205000061F92DAD0007DDF8F /* Support+Extension.swift in Sources */,
				205000011F92DA06007DDF8F /* Movie&User.swift in Sources */,
				2050FFF01F92D9AD007DDF8F /* ViewController.swift in Sources */,
				205000041F92DAA8007DDF8F /* Network.swift in Sources */,
				2050FFEE1F92D9AD007DDF8F /* AppDelegate.swift in Sources */,
			);
			runOnlyForDeploymentPostprocessing = 0;
		};
/* End PBXSourcesBuildPhase section */

/* Begin PBXVariantGroup section */
		2050FFF11F92D9AD007DDF8F /* Main.storyboard */ = {
			isa = PBXVariantGroup;
			children = (
				2050FFF21F92D9AD007DDF8F /* Base */,
			);
			name = Main.storyboard;
			sourceTree = "<group>";
		};
		2050FFF61F92D9AD007DDF8F /* LaunchScreen.storyboard */ = {
			isa = PBXVariantGroup;
			children = (
				2050FFF71F92D9AD007DDF8F /* Base */,
			);
			name = LaunchScreen.storyboard;
			sourceTree = "<group>";
		};
/* End PBXVariantGroup section */

/* Begin XCBuildConfiguration section */
		2050FFFA1F92D9AD007DDF8F /* Debug */ = {
			isa = XCBuildConfiguration;
			buildSettings = {
				ALWAYS_SEARCH_USER_PATHS = NO;
				CLANG_ANALYZER_NONNULL = YES;
				CLANG_ANALYZER_NUMBER_OBJECT_CONVERSION = YES_AGGRESSIVE;
				CLANG_CXX_LANGUAGE_STANDARD = "gnu++14";
				CLANG_CXX_LIBRARY = "libc++";
				CLANG_ENABLE_MODULES = YES;
				CLANG_ENABLE_OBJC_ARC = YES;
				CLANG_WARN_BLOCK_CAPTURE_AUTORELEASING = YES;
				CLANG_WARN_BOOL_CONVERSION = YES;
				CLANG_WARN_COMMA = YES;
				CLANG_WARN_CONSTANT_CONVERSION = YES;
				CLANG_WARN_DIRECT_OBJC_ISA_USAGE = YES_ERROR;
				CLANG_WARN_DOCUMENTATION_COMMENTS = YES;
				CLANG_WARN_EMPTY_BODY = YES;
				CLANG_WARN_ENUM_CONVERSION = YES;
				CLANG_WARN_INFINITE_RECURSION = YES;
				CLANG_WARN_INT_CONVERSION = YES;
				CLANG_WARN_NON_LITERAL_NULL_CONVERSION = YES;
				CLANG_WARN_OBJC_LITERAL_CONVERSION = YES;
				CLANG_WARN_OBJC_ROOT_CLASS = YES_ERROR;
				CLANG_WARN_RANGE_LOOP_ANALYSIS = YES;
				CLANG_WARN_STRICT_PROTOTYPES = YES;
				CLANG_WARN_SUSPICIOUS_MOVE = YES;
				CLANG_WARN_UNGUARDED_AVAILABILITY = YES_AGGRESSIVE;
				CLANG_WARN_UNREACHABLE_CODE = YES;
				CLANG_WARN__DUPLICATE_METHOD_MATCH = YES;
				CODE_SIGN_IDENTITY = "iPhone Developer";
				COPY_PHASE_STRIP = NO;
				DEBUG_INFORMATION_FORMAT = dwarf;
				ENABLE_STRICT_OBJC_MSGSEND = YES;
				ENABLE_TESTABILITY = YES;
				GCC_C_LANGUAGE_STANDARD = gnu11;
				GCC_DYNAMIC_NO_PIC = NO;
				GCC_NO_COMMON_BLOCKS = YES;
				GCC_OPTIMIZATION_LEVEL = 0;
				GCC_PREPROCESSOR_DEFINITIONS = (
					"DEBUG=1",
					"$(inherited)",
				);
				GCC_WARN_64_TO_32_BIT_CONVERSION = YES;
				GCC_WARN_ABOUT_RETURN_TYPE = YES_ERROR;
				GCC_WARN_UNDECLARED_SELECTOR = YES;
				GCC_WARN_UNINITIALIZED_AUTOS = YES_AGGRESSIVE;
				GCC_WARN_UNUSED_FUNCTION = YES;
				GCC_WARN_UNUSED_VARIABLE = YES;
				IPHONEOS_DEPLOYMENT_TARGET = 11.0;
				MTL_ENABLE_DEBUG_INFO = YES;
				ONLY_ACTIVE_ARCH = YES;
				SDKROOT = iphoneos;
				SWIFT_ACTIVE_COMPILATION_CONDITIONS = DEBUG;
				SWIFT_OPTIMIZATION_LEVEL = "-Onone";
			};
			name = Debug;
		};
		2050FFFB1F92D9AD007DDF8F /* Release */ = {
			isa = XCBuildConfiguration;
			buildSettings = {
				ALWAYS_SEARCH_USER_PATHS = NO;
				CLANG_ANALYZER_NONNULL = YES;
				CLANG_ANALYZER_NUMBER_OBJECT_CONVERSION = YES_AGGRESSIVE;
				CLANG_CXX_LANGUAGE_STANDARD = "gnu++14";
				CLANG_CXX_LIBRARY = "libc++";
				CLANG_ENABLE_MODULES = YES;
				CLANG_ENABLE_OBJC_ARC = YES;
				CLANG_WARN_BLOCK_CAPTURE_AUTORELEASING = YES;
				CLANG_WARN_BOOL_CONVERSION = YES;
				CLANG_WARN_COMMA = YES;
				CLANG_WARN_CONSTANT_CONVERSION = YES;
				CLANG_WARN_DIRECT_OBJC_ISA_USAGE = YES_ERROR;
				CLANG_WARN_DOCUMENTATION_COMMENTS = YES;
				CLANG_WARN_EMPTY_BODY = YES;
				CLANG_WARN_ENUM_CONVERSION = YES;
				CLANG_WARN_INFINITE_RECURSION = YES;
				CLANG_WARN_INT_CONVERSION = YES;
				CLANG_WARN_NON_LITERAL_NULL_CONVERSION = YES;
				CLANG_WARN_OBJC_LITERAL_CONVERSION = YES;
				CLANG_WARN_OBJC_ROOT_CLASS = YES_ERROR;
				CLANG_WARN_RANGE_LOOP_ANALYSIS = YES;
				CLANG_WARN_STRICT_PROTOTYPES = YES;
				CLANG_WARN_SUSPICIOUS_MOVE = YES;
				CLANG_WARN_UNGUARDED_AVAILABILITY = YES_AGGRESSIVE;
				CLANG_WARN_UNREACHABLE_CODE = YES;
				CLANG_WARN__DUPLICATE_METHOD_MATCH = YES;
				CODE_SIGN_IDENTITY = "iPhone Developer";
				COPY_PHASE_STRIP = NO;
				DEBUG_INFORMATION_FORMAT = "dwarf-with-dsym";
				ENABLE_NS_ASSERTIONS = NO;
				ENABLE_STRICT_OBJC_MSGSEND = YES;
				GCC_C_LANGUAGE_STANDARD = gnu11;
				GCC_NO_COMMON_BLOCKS = YES;
				GCC_WARN_64_TO_32_BIT_CONVERSION = YES;
				GCC_WARN_ABOUT_RETURN_TYPE = YES_ERROR;
				GCC_WARN_UNDECLARED_SELECTOR = YES;
				GCC_WARN_UNINITIALIZED_AUTOS = YES_AGGRESSIVE;
				GCC_WARN_UNUSED_FUNCTION = YES;
				GCC_WARN_UNUSED_VARIABLE = YES;
				IPHONEOS_DEPLOYMENT_TARGET = 11.0;
				MTL_ENABLE_DEBUG_INFO = NO;
				SDKROOT = iphoneos;
				SWIFT_OPTIMIZATION_LEVEL = "-Owholemodule";
				VALIDATE_PRODUCT = YES;
			};
			name = Release;
		};
		2050FFFD1F92D9AD007DDF8F /* Debug */ = {
			isa = XCBuildConfiguration;
			buildSettings = {
				ASSETCATALOG_COMPILER_APPICON_NAME = AppIcon;
				CODE_SIGN_STYLE = Automatic;
				INFOPLIST_FILE = "Movie-preview/Info.plist";
				LD_RUNPATH_SEARCH_PATHS = "$(inherited) @executable_path/Frameworks";
				PRODUCT_BUNDLE_IDENTIFIER = "yveslym-corp.Movie-preview";
				PRODUCT_NAME = "$(TARGET_NAME)";
				SWIFT_VERSION = 4.0;
				TARGETED_DEVICE_FAMILY = "1,2";
			};
			name = Debug;
		};
		2050FFFE1F92D9AD007DDF8F /* Release */ = {
			isa = XCBuildConfiguration;
			buildSettings = {
				ASSETCATALOG_COMPILER_APPICON_NAME = AppIcon;
				CODE_SIGN_STYLE = Automatic;
				INFOPLIST_FILE = "Movie-preview/Info.plist";
				LD_RUNPATH_SEARCH_PATHS = "$(inherited) @executable_path/Frameworks";
				PRODUCT_BUNDLE_IDENTIFIER = "yveslym-corp.Movie-preview";
				PRODUCT_NAME = "$(TARGET_NAME)";
				SWIFT_VERSION = 4.0;
				TARGETED_DEVICE_FAMILY = "1,2";
			};
			name = Release;
		};
/* End XCBuildConfiguration section */

/* Begin XCConfigurationList section */
		2050FFE51F92D9AD007DDF8F /* Build configuration list for PBXProject "Movie-preview" */ = {
			isa = XCConfigurationList;
			buildConfigurations = (
				2050FFFA1F92D9AD007DDF8F /* Debug */,
				2050FFFB1F92D9AD007DDF8F /* Release */,
			);
			defaultConfigurationIsVisible = 0;
			defaultConfigurationName = Release;
		};
		2050FFFC1F92D9AD007DDF8F /* Build configuration list for PBXNativeTarget "Movie-preview" */ = {
			isa = XCConfigurationList;
			buildConfigurations = (
				2050FFFD1F92D9AD007DDF8F /* Debug */,
				2050FFFE1F92D9AD007DDF8F /* Release */,
			);
			defaultConfigurationIsVisible = 0;
			defaultConfigurationName = Release;
		};
/* End XCConfigurationList section */
	};
	rootObject = 2050FFE21F92D9AD007DDF8F /* Project object */;
}
